<Solution>
  <Folder Name="/src/">
    <Project Path="src/AndrewDemo.AgentRateLimit.Abstract/AndrewDemo.AgentRateLimit.Abstract.csproj" />
  </Folder>
  <Folder Name="/tests/">
    <Project Path="tests/AndrewDemo.AgentRateLimit.Abstract.Tests/AndrewDemo.AgentRateLimit.Abstract.Tests.csproj" />
  </Folder>
</Solution>
